
Microsoft Visual Studio Solution File, Format Version 11.00
# Visual Studio 2010
Project("{FAE04EC0-301F-11D3-BF4B-00C04F79EFBC}") = "naracka_na_kafe", "naracka_na_kafe\naracka_na_kafe.csproj", "{61800188-26F0-44A2-B564-6A8D3CF25766}"
EndProject
Global
	GlobalSection(SolutionConfigurationPlatforms) = preSolution
		Debug|x86 = Debug|x86
		Release|x86 = Release|x86
	EndGlobalSection
	GlobalSection(ProjectConfigurationPlatforms) = postSolution
		{61800188-26F0-44A2-B564-6A8D3CF25766}.Debug|x86.ActiveCfg = Debug|x86
		{61800188-26F0-44A2-B564-6A8D3CF25766}.Debug|x86.Build.0 = Debug|x86
		{61800188-26F0-44A2-B564-6A8D3CF25766}.Release|x86.ActiveCfg = Release|x86
		{61800188-26F0-44A2-B564-6A8D3CF25766}.Release|x86.Build.0 = Release|x86
	EndGlobalSection
	GlobalSection(SolutionProperties) = preSolution
		HideSolutionNode = FALSE
	EndGlobalSection
EndGlobal
